{
  "object": {
    "pins": [
      {
        "package": "PMKCoreLocation",
        "repositoryURL": "https://github.com/PromiseKit/CoreLocation",
        "state": {
          "branch": null,
          "revision": "d027bbcdfffc83fa7a790aa6f9189b18c94632e2",
          "version": "3.1.1"
        }
      },
      {
        "package": "PMKFoundation",
        "repositoryURL": "https://github.com/PromiseKit/Foundation",
        "state": {
          "branch": null,
          "revision": "1a276e598dac59489ed904887e0740fa75e571e0",
          "version": "3.3.4"
        }
      },
      {
        "package": "PMKHealthKit",
        "repositoryURL": "https://github.com/kuglee/PMKHealthKit",
        "state": {
          "branch": "master",
          "revision": "d2f658bcd76baa524c60bd1c5e6f578328eb06af",
          "version": null
        }
      },
      {
        "package": "PromiseKit",
        "repositoryURL": "https://github.com/mxcl/PromiseKit.git",
        "state": {
          "branch": null,
          "revision": "aea48ea1855f5d82e2dffa6027afce3aab8f3dd7",
          "version": "6.13.3"
        }
      },
      {
        "package": "Swizzle",
        "repositoryURL": "https://github.com/kuglee/Swizzle",
        "state": {
          "branch": null,
          "revision": "efa073b5ff899e564e9c22e161f69540f4e161f1",
          "version": "0.1.1"
        }
      }
    ]
  },
  "version": 1
}
